%{"certifi": {:hex, :certifi, "0.3.0"},
  "combine": {:hex, :combine, "0.7.0"},
  "comeonin": {:hex, :comeonin, "2.0.0"},
  "connection": {:hex, :connection, "1.0.2"},
  "cowboy": {:hex, :cowboy, "1.0.4"},
  "cowlib": {:hex, :cowlib, "1.0.2"},
  "decimal": {:hex, :decimal, "1.1.1"},
  "earmark": {:hex, :earmark, "0.2.0"},
  "ecto": {:hex, :ecto, "1.1.1"},
  "eiconv": {:git, "https://github.com/zotonic/eiconv.git", "644fb5e7bd6640fbd073f4d28957914ea979aea0", []},
  "ex_doc": {:hex, :ex_doc, "0.11.3"},
  "ex_machina": {:git, "https://github.com/tuvistavie/ex_machina.git", "172ce05bdc5684cef76b88c6f710bdb4cc39e7a5", [branch: "allow-changset-customization"]},
  "excoveralls": {:hex, :excoveralls, "0.4.3"},
  "exgravatar": {:hex, :exgravatar, "2.0.0"},
  "exjsx": {:hex, :exjsx, "3.2.0"},
  "fs": {:hex, :fs, "0.9.2"},
  "gen_smtp": {:hex, :gen_smtp, "0.9.0"},
  "hackney": {:hex, :hackney, "1.4.8"},
  "idna": {:hex, :idna, "1.0.3"},
  "jsx": {:hex, :jsx, "2.6.2"},
  "mailman": {:hex, :mailman, "0.1.2"},
  "meck": {:hex, :meck, "0.8.4"},
  "mimerl": {:hex, :mimerl, "1.0.2"},
  "mix_test_watch": {:hex, :mix_test_watch, "0.2.5"},
  "mock": {:hex, :mock, "0.1.1"},
  "navigation_history": {:hex, :navigation_history, "0.2.0"},
  "phoenix": {:hex, :phoenix, "1.1.2"},
  "phoenix_ecto": {:hex, :phoenix_ecto, "1.2.0"},
  "phoenix_html": {:hex, :phoenix_html, "2.3.0"},
  "phoenix_live_reload": {:hex, :phoenix_live_reload, "1.0.1"},
  "plug": {:hex, :plug, "1.1.0"},
  "plug_basic_auth": {:hex, :plug_basic_auth, "1.1.0"},
  "poison": {:hex, :poison, "1.5.2"},
  "poolboy": {:hex, :poolboy, "1.5.1"},
  "postgrex": {:hex, :postgrex, "0.10.0"},
  "ranch": {:hex, :ranch, "1.2.0"},
  "scrivener": {:hex, :scrivener, "1.1.1"},
  "scrivener_html": {:git, "https://github.com/tuvistavie/scrivener_html.git", "4964d56ac35f13b2bda7c2614df59ab8e5843ba6", [branch: "elixir-1.2-support"]},
  "secure_password": {:hex, :secure_password, "0.3.1"},
  "secure_random": {:hex, :secure_random, "0.2.0"},
  "ssl_verify_hostname": {:hex, :ssl_verify_hostname, "1.0.5"},
  "temp": {:hex, :temp, "0.2.5"},
  "timex": {:hex, :timex, "0.19.5"},
  "timex_ecto": {:hex, :timex_ecto, "0.5.0"},
  "tzdata": {:hex, :tzdata, "0.5.6"}}
